
Microsoft Visual Studio Solution File, Format Version 12.00
# Visual Studio 15
VisualStudioVersion = 15.0.27428.2005
MinimumVisualStudioVersion = 10.0.40219.1
Project("{FAE04EC0-301F-11D3-BF4B-00C04F79EFBC}") = "Viewer", "Viewer\Viewer.csproj", "{3BF914D0-CD21-4E9B-96A2-A83566BA75CF}"
EndProject
Global
	GlobalSection(SolutionConfigurationPlatforms) = preSolution
		Debug|Any CPU = Debug|Any CPU
		Release|Any CPU = Release|Any CPU
	EndGlobalSection
	GlobalSection(ProjectConfigurationPlatforms) = postSolution
		{3BF914D0-CD21-4E9B-96A2-A83566BA75CF}.Debug|Any CPU.ActiveCfg = Debug|Any CPU
		{3BF914D0-CD21-4E9B-96A2-A83566BA75CF}.Debug|Any CPU.Build.0 = Debug|Any CPU
		{3BF914D0-CD21-4E9B-96A2-A83566BA75CF}.Release|Any CPU.ActiveCfg = Release|Any CPU
		{3BF914D0-CD21-4E9B-96A2-A83566BA75CF}.Release|Any CPU.Build.0 = Release|Any CPU
	EndGlobalSection
	GlobalSection(SolutionProperties) = preSolution
		HideSolutionNode = FALSE
	EndGlobalSection
	GlobalSection(ExtensibilityGlobals) = postSolution
		SolutionGuid = {68C3C5E9-966F-448E-9302-49FF4DE12D24}
	EndGlobalSection
EndGlobal
